// !$*UTF8*$!
{
	archiveVersion = 1;
	classes = {
	};
	objectVersion = 46;
	objects = {

/* Begin PBXBuildFile section */
		4AC153ED13E8577A005A09B7 /* Foundation.framework in Frameworks */ = {isa = PBXBuildFile; fileRef = 4AC153EC13E8577A005A09B7 /* Foundation.framework */; };
		4AC155CA13E858DC005A09B7 /* SGHTTPClient.h in Headers */ = {isa = PBXBuildFile; fileRef = 4AC155C813E858DC005A09B7 /* SGHTTPClient.h */; };
		4AC155CB13E858DC005A09B7 /* SGHTTPClient.m in Sources */ = {isa = PBXBuildFile; fileRef = 4AC155C913E858DC005A09B7 /* SGHTTPClient.m */; };
		4AC155D513E85A25005A09B7 /* SGObjCHTTP-Prefix.pch in Headers */ = {isa = PBXBuildFile; fileRef = 4AC155D413E85A25005A09B7 /* SGObjCHTTP-Prefix.pch */; };
		4AFD5D3D1405870B007B61EF /* SGCallback.h in Headers */ = {isa = PBXBuildFile; fileRef = 4AFD5D3B1405870B007B61EF /* SGCallback.h */; };
		4AFD5D3E1405870B007B61EF /* SGCallback.m in Sources */ = {isa = PBXBuildFile; fileRef = 4AFD5D3C1405870B007B61EF /* SGCallback.m */; };
		4AFD5DC614059279007B61EF /* SGASICacheDelegate.h in Headers */ = {isa = PBXBuildFile; fileRef = 4AFD5D4314059279007B61EF /* SGASICacheDelegate.h */; };
		4AFD5DC714059279007B61EF /* SGASIDataCompressor.h in Headers */ = {isa = PBXBuildFile; fileRef = 4AFD5D4414059279007B61EF /* SGASIDataCompressor.h */; };
		4AFD5DC814059279007B61EF /* SGASIDataCompressor.m in Sources */ = {isa = PBXBuildFile; fileRef = 4AFD5D4514059279007B61EF /* SGASIDataCompressor.m */; };
		4AFD5DC914059279007B61EF /* SGASIDataDecompressor.h in Headers */ = {isa = PBXBuildFile; fileRef = 4AFD5D4614059279007B61EF /* SGASIDataDecompressor.h */; };
		4AFD5DCA14059279007B61EF /* SGASIDataDecompressor.m in Sources */ = {isa = PBXBuildFile; fileRef = 4AFD5D4714059279007B61EF /* SGASIDataDecompressor.m */; };
		4AFD5DCB14059279007B61EF /* SGASIDownloadCache.h in Headers */ = {isa = PBXBuildFile; fileRef = 4AFD5D4814059279007B61EF /* SGASIDownloadCache.h */; };
		4AFD5DCC14059279007B61EF /* SGASIDownloadCache.m in Sources */ = {isa = PBXBuildFile; fileRef = 4AFD5D4914059279007B61EF /* SGASIDownloadCache.m */; };
		4AFD5DCD14059279007B61EF /* SGASIFormDataRequest.h in Headers */ = {isa = PBXBuildFile; fileRef = 4AFD5D4A14059279007B61EF /* SGASIFormDataRequest.h */; };
		4AFD5DCE14059279007B61EF /* SGASIFormDataRequest.m in Sources */ = {isa = PBXBuildFile; fileRef = 4AFD5D4B14059279007B61EF /* SGASIFormDataRequest.m */; };
		4AFD5DCF14059279007B61EF /* SGASIHTTPRequest.h in Headers */ = {isa = PBXBuildFile; fileRef = 4AFD5D4C14059279007B61EF /* SGASIHTTPRequest.h */; };
		4AFD5DD014059279007B61EF /* SGASIHTTPRequest.m in Sources */ = {isa = PBXBuildFile; fileRef = 4AFD5D4D14059279007B61EF /* SGASIHTTPRequest.m */; };
		4AFD5DD114059279007B61EF /* SGASIHTTPRequestConfig.h in Headers */ = {isa = PBXBuildFile; fileRef = 4AFD5D4E14059279007B61EF /* SGASIHTTPRequestConfig.h */; };
		4AFD5DD214059279007B61EF /* SGASIHTTPRequestDelegate.h in Headers */ = {isa = PBXBuildFile; fileRef = 4AFD5D4F14059279007B61EF /* SGASIHTTPRequestDelegate.h */; };
		4AFD5DD314059279007B61EF /* SGASIInputStream.h in Headers */ = {isa = PBXBuildFile; fileRef = 4AFD5D5014059279007B61EF /* SGASIInputStream.h */; };
		4AFD5DD414059279007B61EF /* SGASIInputStream.m in Sources */ = {isa = PBXBuildFile; fileRef = 4AFD5D5114059279007B61EF /* SGASIInputStream.m */; };
		4AFD5DD514059279007B61EF /* SGASINetworkQueue.h in Headers */ = {isa = PBXBuildFile; fileRef = 4AFD5D5214059279007B61EF /* SGASINetworkQueue.h */; };
		4AFD5DD614059279007B61EF /* SGASINetworkQueue.m in Sources */ = {isa = PBXBuildFile; fileRef = 4AFD5D5314059279007B61EF /* SGASINetworkQueue.m */; };
		4AFD5DD714059279007B61EF /* SGASIProgressDelegate.h in Headers */ = {isa = PBXBuildFile; fileRef = 4AFD5D5414059279007B61EF /* SGASIProgressDelegate.h */; };
		4AFD5DD814059279007B61EF /* SGReachability.h in Headers */ = {isa = PBXBuildFile; fileRef = 4AFD5D5614059279007B61EF /* SGReachability.h */; };
		4AFD5DD914059279007B61EF /* SGReachability.m in Sources */ = {isa = PBXBuildFile; fileRef = 4AFD5D5714059279007B61EF /* SGReachability.m */; };
		4AFD5DDA14059279007B61EF /* SGASIFormDataRequest+OAuth.h in Headers */ = {isa = PBXBuildFile; fileRef = 4AFD5DBA14059279007B61EF /* SGASIFormDataRequest+OAuth.h */; };
		4AFD5DDB14059279007B61EF /* SGASIFormDataRequest+OAuth.m in Sources */ = {isa = PBXBuildFile; fileRef = 4AFD5DBB14059279007B61EF /* SGASIFormDataRequest+OAuth.m */; };
		4AFD5DDC14059279007B61EF /* SGASIHTTPRequest+OAuth.h in Headers */ = {isa = PBXBuildFile; fileRef = 4AFD5DBC14059279007B61EF /* SGASIHTTPRequest+OAuth.h */; };
		4AFD5DDD14059279007B61EF /* SGASIHTTPRequest+OAuth.m in Sources */ = {isa = PBXBuildFile; fileRef = 4AFD5DBD14059279007B61EF /* SGASIHTTPRequest+OAuth.m */; };
		4AFD5DDE14059279007B61EF /* SGNSData+Base64.h in Headers */ = {isa = PBXBuildFile; fileRef = 4AFD5DBE14059279007B61EF /* SGNSData+Base64.h */; };
		4AFD5DDF14059279007B61EF /* SGNSData+Base64.m in Sources */ = {isa = PBXBuildFile; fileRef = 4AFD5DBF14059279007B61EF /* SGNSData+Base64.m */; };
		4AFD5DE014059279007B61EF /* SGNSString+URLEncode.h in Headers */ = {isa = PBXBuildFile; fileRef = 4AFD5DC014059279007B61EF /* SGNSString+URLEncode.h */; };
		4AFD5DE114059279007B61EF /* SGNSString+URLEncode.m in Sources */ = {isa = PBXBuildFile; fileRef = 4AFD5DC114059279007B61EF /* SGNSString+URLEncode.m */; };
		4AFD5DE214059279007B61EF /* SGJSONKit.h in Headers */ = {isa = PBXBuildFile; fileRef = 4AFD5DC314059279007B61EF /* SGJSONKit.h */; };
		4AFD5DE314059279007B61EF /* SGJSONKit.m in Sources */ = {isa = PBXBuildFile; fileRef = 4AFD5DC414059279007B61EF /* SGJSONKit.m */; };
/* End PBXBuildFile section */

/* Begin PBXFileReference section */
		4AC153E913E8577A005A09B7 /* libSGObjCHTTP.a */ = {isa = PBXFileReference; explicitFileType = archive.ar; includeInIndex = 0; path = libSGObjCHTTP.a; sourceTree = BUILT_PRODUCTS_DIR; };
		4AC153EC13E8577A005A09B7 /* Foundation.framework */ = {isa = PBXFileReference; lastKnownFileType = wrapper.framework; name = Foundation.framework; path = System/Library/Frameworks/Foundation.framework; sourceTree = SDKROOT; };
		4AC155C813E858DC005A09B7 /* SGHTTPClient.h */ = {isa = PBXFileReference; fileEncoding = 4; lastKnownFileType = sourcecode.c.h; path = SGHTTPClient.h; sourceTree = "<group>"; };
		4AC155C913E858DC005A09B7 /* SGHTTPClient.m */ = {isa = PBXFileReference; fileEncoding = 4; lastKnownFileType = sourcecode.c.objc; path = SGHTTPClient.m; sourceTree = "<group>"; };
		4AC155D413E85A25005A09B7 /* SGObjCHTTP-Prefix.pch */ = {isa = PBXFileReference; fileEncoding = 4; lastKnownFileType = sourcecode.c.h; path = "SGObjCHTTP-Prefix.pch"; sourceTree = "<group>"; };
		4AFD5D3B1405870B007B61EF /* SGCallback.h */ = {isa = PBXFileReference; fileEncoding = 4; lastKnownFileType = sourcecode.c.h; path = SGCallback.h; sourceTree = "<group>"; };
		4AFD5D3C1405870B007B61EF /* SGCallback.m */ = {isa = PBXFileReference; fileEncoding = 4; lastKnownFileType = sourcecode.c.objc; path = SGCallback.m; sourceTree = "<group>"; };
		4AFD5D4314059279007B61EF /* SGASICacheDelegate.h */ = {isa = PBXFileReference; fileEncoding = 4; lastKnownFileType = sourcecode.c.h; path = SGASICacheDelegate.h; sourceTree = "<group>"; };
		4AFD5D4414059279007B61EF /* SGASIDataCompressor.h */ = {isa = PBXFileReference; fileEncoding = 4; lastKnownFileType = sourcecode.c.h; path = SGASIDataCompressor.h; sourceTree = "<group>"; };
		4AFD5D4514059279007B61EF /* SGASIDataCompressor.m */ = {isa = PBXFileReference; fileEncoding = 4; lastKnownFileType = sourcecode.c.objc; path = SGASIDataCompressor.m; sourceTree = "<group>"; };
		4AFD5D4614059279007B61EF /* SGASIDataDecompressor.h */ = {isa = PBXFileReference; fileEncoding = 4; lastKnownFileType = sourcecode.c.h; path = SGASIDataDecompressor.h; sourceTree = "<group>"; };
		4AFD5D4714059279007B61EF /* SGASIDataDecompressor.m */ = {isa = PBXFileReference; fileEncoding = 4; lastKnownFileType = sourcecode.c.objc; path = SGASIDataDecompressor.m; sourceTree = "<group>"; };
		4AFD5D4814059279007B61EF /* SGASIDownloadCache.h */ = {isa = PBXFileReference; fileEncoding = 4; lastKnownFileType = sourcecode.c.h; path = SGASIDownloadCache.h; sourceTree = "<group>"; };
		4AFD5D4914059279007B61EF /* SGASIDownloadCache.m */ = {isa = PBXFileReference; fileEncoding = 4; lastKnownFileType = sourcecode.c.objc; path = SGASIDownloadCache.m; sourceTree = "<group>"; };
		4AFD5D4A14059279007B61EF /* SGASIFormDataRequest.h */ = {isa = PBXFileReference; fileEncoding = 4; lastKnownFileType = sourcecode.c.h; path = SGASIFormDataRequest.h; sourceTree = "<group>"; };
		4AFD5D4B14059279007B61EF /* SGASIFormDataRequest.m */ = {isa = PBXFileReference; fileEncoding = 4; lastKnownFileType = sourcecode.c.objc; path = SGASIFormDataRequest.m; sourceTree = "<group>"; };
		4AFD5D4C14059279007B61EF /* SGASIHTTPRequest.h */ = {isa = PBXFileReference; fileEncoding = 4; lastKnownFileType = sourcecode.c.h; path = SGASIHTTPRequest.h; sourceTree = "<group>"; };
		4AFD5D4D14059279007B61EF /* SGASIHTTPRequest.m */ = {isa = PBXFileReference; fileEncoding = 4; lastKnownFileType = sourcecode.c.objc; path = SGASIHTTPRequest.m; sourceTree = "<group>"; };
		4AFD5D4E14059279007B61EF /* SGASIHTTPRequestConfig.h */ = {isa = PBXFileReference; fileEncoding = 4; lastKnownFileType = sourcecode.c.h; path = SGASIHTTPRequestConfig.h; sourceTree = "<group>"; };
		4AFD5D4F14059279007B61EF /* SGASIHTTPRequestDelegate.h */ = {isa = PBXFileReference; fileEncoding = 4; lastKnownFileType = sourcecode.c.h; path = SGASIHTTPRequestDelegate.h; sourceTree = "<group>"; };
		4AFD5D5014059279007B61EF /* SGASIInputStream.h */ = {isa = PBXFileReference; fileEncoding = 4; lastKnownFileType = sourcecode.c.h; path = SGASIInputStream.h; sourceTree = "<group>"; };
		4AFD5D5114059279007B61EF /* SGASIInputStream.m */ = {isa = PBXFileReference; fileEncoding = 4; lastKnownFileType = sourcecode.c.objc; path = SGASIInputStream.m; sourceTree = "<group>"; };
		4AFD5D5214059279007B61EF /* SGASINetworkQueue.h */ = {isa = PBXFileReference; fileEncoding = 4; lastKnownFileType = sourcecode.c.h; path = SGASINetworkQueue.h; sourceTree = "<group>"; };
		4AFD5D5314059279007B61EF /* SGASINetworkQueue.m */ = {isa = PBXFileReference; fileEncoding = 4; lastKnownFileType = sourcecode.c.objc; path = SGASINetworkQueue.m; sourceTree = "<group>"; };
		4AFD5D5414059279007B61EF /* SGASIProgressDelegate.h */ = {isa = PBXFileReference; fileEncoding = 4; lastKnownFileType = sourcecode.c.h; path = SGASIProgressDelegate.h; sourceTree = "<group>"; };
		4AFD5D5514059279007B61EF /* LICENSE */ = {isa = PBXFileReference; fileEncoding = 4; lastKnownFileType = text; path = LICENSE; sourceTree = "<group>"; };
		4AFD5D5614059279007B61EF /* SGReachability.h */ = {isa = PBXFileReference; fileEncoding = 4; lastKnownFileType = sourcecode.c.h; path = SGReachability.h; sourceTree = "<group>"; };
		4AFD5D5714059279007B61EF /* SGReachability.m */ = {isa = PBXFileReference; fileEncoding = 4; lastKnownFileType = sourcecode.c.objc; path = SGReachability.m; sourceTree = "<group>"; };
		4AFD5DB814059279007B61EF /* LICENSE */ = {isa = PBXFileReference; fileEncoding = 4; lastKnownFileType = text; path = LICENSE; sourceTree = "<group>"; };
		4AFD5DBA14059279007B61EF /* SGASIFormDataRequest+OAuth.h */ = {isa = PBXFileReference; fileEncoding = 4; lastKnownFileType = sourcecode.c.h; path = "SGASIFormDataRequest+OAuth.h"; sourceTree = "<group>"; };
		4AFD5DBB14059279007B61EF /* SGASIFormDataRequest+OAuth.m */ = {isa = PBXFileReference; fileEncoding = 4; lastKnownFileType = sourcecode.c.objc; path = "SGASIFormDataRequest+OAuth.m"; sourceTree = "<group>"; };
		4AFD5DBC14059279007B61EF /* SGASIHTTPRequest+OAuth.h */ = {isa = PBXFileReference; fileEncoding = 4; lastKnownFileType = sourcecode.c.h; path = "SGASIHTTPRequest+OAuth.h"; sourceTree = "<group>"; };
		4AFD5DBD14059279007B61EF /* SGASIHTTPRequest+OAuth.m */ = {isa = PBXFileReference; fileEncoding = 4; lastKnownFileType = sourcecode.c.objc; path = "SGASIHTTPRequest+OAuth.m"; sourceTree = "<group>"; };
		4AFD5DBE14059279007B61EF /* SGNSData+Base64.h */ = {isa = PBXFileReference; fileEncoding = 4; lastKnownFileType = sourcecode.c.h; path = "SGNSData+Base64.h"; sourceTree = "<group>"; };
		4AFD5DBF14059279007B61EF /* SGNSData+Base64.m */ = {isa = PBXFileReference; fileEncoding = 4; lastKnownFileType = sourcecode.c.objc; path = "SGNSData+Base64.m"; sourceTree = "<group>"; };
		4AFD5DC014059279007B61EF /* SGNSString+URLEncode.h */ = {isa = PBXFileReference; fileEncoding = 4; lastKnownFileType = sourcecode.c.h; path = "SGNSString+URLEncode.h"; sourceTree = "<group>"; };
		4AFD5DC114059279007B61EF /* SGNSString+URLEncode.m */ = {isa = PBXFileReference; fileEncoding = 4; lastKnownFileType = sourcecode.c.objc; path = "SGNSString+URLEncode.m"; sourceTree = "<group>"; };
		4AFD5DC314059279007B61EF /* SGJSONKit.h */ = {isa = PBXFileReference; fileEncoding = 4; lastKnownFileType = sourcecode.c.h; path = SGJSONKit.h; sourceTree = "<group>"; };
		4AFD5DC414059279007B61EF /* SGJSONKit.m */ = {isa = PBXFileReference; fileEncoding = 4; lastKnownFileType = sourcecode.c.objc; path = SGJSONKit.m; sourceTree = "<group>"; };
/* End PBXFileReference section */

/* Begin PBXFrameworksBuildPhase section */
		4AC153E613E8577A005A09B7 /* Frameworks */ = {
			isa = PBXFrameworksBuildPhase;
			buildActionMask = 2147483647;
			files = (
				4AC153ED13E8577A005A09B7 /* Foundation.framework in Frameworks */,
			);
			runOnlyForDeploymentPostprocessing = 0;
		};
/* End PBXFrameworksBuildPhase section */

/* Begin PBXGroup section */
		4AC153DE13E8577A005A09B7 = {
			isa = PBXGroup;
			children = (
				4AC153EE13E8577A005A09B7 /* SGObjCHTTP */,
				4AC153EB13E8577A005A09B7 /* Frameworks */,
				4AC153EA13E8577A005A09B7 /* Products */,
			);
			sourceTree = "<group>";
		};
		4AC153EA13E8577A005A09B7 /* Products */ = {
			isa = PBXGroup;
			children = (
				4AC153E913E8577A005A09B7 /* libSGObjCHTTP.a */,
			);
			name = Products;
			sourceTree = "<group>";
		};
		4AC153EB13E8577A005A09B7 /* Frameworks */ = {
			isa = PBXGroup;
			children = (
				4AC153EC13E8577A005A09B7 /* Foundation.framework */,
			);
			name = Frameworks;
			sourceTree = "<group>";
		};
		4AC153EE13E8577A005A09B7 /* SGObjCHTTP */ = {
			isa = PBXGroup;
			children = (
				4AC153FC13E85878005A09B7 /* Resources */,
				4AC1552B13E85878005A09B7 /* Classes */,
			);
			path = SGObjCHTTP;
			sourceTree = "<group>";
		};
		4AC153FC13E85878005A09B7 /* Resources */ = {
			isa = PBXGroup;
			children = (
				4AFD5D4014059279007B61EF /* asi-http-request */,
				4AFD5D5814059279007B61EF /* asi-http-request-oauth */,
				4AFD5DC214059279007B61EF /* JSONKit */,
				4AC155D413E85A25005A09B7 /* SGObjCHTTP-Prefix.pch */,
			);
			path = Resources;
			sourceTree = "<group>";
		};
		4AC1552B13E85878005A09B7 /* Classes */ = {
			isa = PBXGroup;
			children = (
				4AFD5D3B1405870B007B61EF /* SGCallback.h */,
				4AFD5D3C1405870B007B61EF /* SGCallback.m */,
				4AC155C813E858DC005A09B7 /* SGHTTPClient.h */,
				4AC155C913E858DC005A09B7 /* SGHTTPClient.m */,
			);
			path = Classes;
			sourceTree = "<group>";
		};
		4AFD5D4014059279007B61EF /* asi-http-request */ = {
			isa = PBXGroup;
			children = (
				4AFD5D4114059279007B61EF /* Classes */,
				4AFD5D5514059279007B61EF /* LICENSE */,
				4AFD5D5614059279007B61EF /* SGReachability.h */,
				4AFD5D5714059279007B61EF /* SGReachability.m */,
			);
			path = "asi-http-request";
			sourceTree = "<group>";
		};
		4AFD5D4114059279007B61EF /* Classes */ = {
			isa = PBXGroup;
			children = (
				4AFD5D4314059279007B61EF /* SGASICacheDelegate.h */,
				4AFD5D4414059279007B61EF /* SGASIDataCompressor.h */,
				4AFD5D4514059279007B61EF /* SGASIDataCompressor.m */,
				4AFD5D4614059279007B61EF /* SGASIDataDecompressor.h */,
				4AFD5D4714059279007B61EF /* SGASIDataDecompressor.m */,
				4AFD5D4814059279007B61EF /* SGASIDownloadCache.h */,
				4AFD5D4914059279007B61EF /* SGASIDownloadCache.m */,
				4AFD5D4A14059279007B61EF /* SGASIFormDataRequest.h */,
				4AFD5D4B14059279007B61EF /* SGASIFormDataRequest.m */,
				4AFD5D4C14059279007B61EF /* SGASIHTTPRequest.h */,
				4AFD5D4D14059279007B61EF /* SGASIHTTPRequest.m */,
				4AFD5D4E14059279007B61EF /* SGASIHTTPRequestConfig.h */,
				4AFD5D4F14059279007B61EF /* SGASIHTTPRequestDelegate.h */,
				4AFD5D5014059279007B61EF /* SGASIInputStream.h */,
				4AFD5D5114059279007B61EF /* SGASIInputStream.m */,
				4AFD5D5214059279007B61EF /* SGASINetworkQueue.h */,
				4AFD5D5314059279007B61EF /* SGASINetworkQueue.m */,
				4AFD5D5414059279007B61EF /* SGASIProgressDelegate.h */,
			);
			path = Classes;
			sourceTree = "<group>";
		};
		4AFD5D5814059279007B61EF /* asi-http-request-oauth */ = {
			isa = PBXGroup;
			children = (
				4AFD5DB814059279007B61EF /* LICENSE */,
				4AFD5DBA14059279007B61EF /* SGASIFormDataRequest+OAuth.h */,
				4AFD5DBB14059279007B61EF /* SGASIFormDataRequest+OAuth.m */,
				4AFD5DBC14059279007B61EF /* SGASIHTTPRequest+OAuth.h */,
				4AFD5DBD14059279007B61EF /* SGASIHTTPRequest+OAuth.m */,
				4AFD5DBE14059279007B61EF /* SGNSData+Base64.h */,
				4AFD5DBF14059279007B61EF /* SGNSData+Base64.m */,
				4AFD5DC014059279007B61EF /* SGNSString+URLEncode.h */,
				4AFD5DC114059279007B61EF /* SGNSString+URLEncode.m */,
			);
			path = "asi-http-request-oauth";
			sourceTree = "<group>";
		};
		4AFD5DC214059279007B61EF /* JSONKit */ = {
			isa = PBXGroup;
			children = (
				4AFD5DC314059279007B61EF /* SGJSONKit.h */,
				4AFD5DC414059279007B61EF /* SGJSONKit.m */,
			);
			path = JSONKit;
			sourceTree = "<group>";
		};
/* End PBXGroup section */

/* Begin PBXHeadersBuildPhase section */
		4AC153E713E8577A005A09B7 /* Headers */ = {
			isa = PBXHeadersBuildPhase;
			buildActionMask = 2147483647;
			files = (
				4AC155CA13E858DC005A09B7 /* SGHTTPClient.h in Headers */,
				4AC155D513E85A25005A09B7 /* SGObjCHTTP-Prefix.pch in Headers */,
				4AFD5D3D1405870B007B61EF /* SGCallback.h in Headers */,
				4AFD5DC614059279007B61EF /* SGASICacheDelegate.h in Headers */,
				4AFD5DC714059279007B61EF /* SGASIDataCompressor.h in Headers */,
				4AFD5DC914059279007B61EF /* SGASIDataDecompressor.h in Headers */,
				4AFD5DCB14059279007B61EF /* SGASIDownloadCache.h in Headers */,
				4AFD5DCD14059279007B61EF /* SGASIFormDataRequest.h in Headers */,
				4AFD5DCF14059279007B61EF /* SGASIHTTPRequest.h in Headers */,
				4AFD5DD114059279007B61EF /* SGASIHTTPRequestConfig.h in Headers */,
				4AFD5DD214059279007B61EF /* SGASIHTTPRequestDelegate.h in Headers */,
				4AFD5DD314059279007B61EF /* SGASIInputStream.h in Headers */,
				4AFD5DD514059279007B61EF /* SGASINetworkQueue.h in Headers */,
				4AFD5DD714059279007B61EF /* SGASIProgressDelegate.h in Headers */,
				4AFD5DD814059279007B61EF /* SGReachability.h in Headers */,
				4AFD5DDA14059279007B61EF /* SGASIFormDataRequest+OAuth.h in Headers */,
				4AFD5DDC14059279007B61EF /* SGASIHTTPRequest+OAuth.h in Headers */,
				4AFD5DDE14059279007B61EF /* SGNSData+Base64.h in Headers */,
				4AFD5DE014059279007B61EF /* SGNSString+URLEncode.h in Headers */,
				4AFD5DE214059279007B61EF /* SGJSONKit.h in Headers */,
			);
			runOnlyForDeploymentPostprocessing = 0;
		};
/* End PBXHeadersBuildPhase section */

/* Begin PBXNativeTarget section */
		4AC153E813E8577A005A09B7 /* SGObjCHTTP */ = {
			isa = PBXNativeTarget;
			buildConfigurationList = 4AC153F313E8577A005A09B7 /* Build configuration list for PBXNativeTarget "SGObjCHTTP" */;
			buildPhases = (
				4AC153E513E8577A005A09B7 /* Sources */,
				4AC153E613E8577A005A09B7 /* Frameworks */,
				4AC153E713E8577A005A09B7 /* Headers */,
			);
			buildRules = (
			);
			dependencies = (
			);
			name = SGObjCHTTP;
			productName = SGObjCHTTP;
			productReference = 4AC153E913E8577A005A09B7 /* libSGObjCHTTP.a */;
			productType = "com.apple.product-type.library.static";
		};
/* End PBXNativeTarget section */

/* Begin PBXProject section */
		4AC153E013E8577A005A09B7 /* Project object */ = {
			isa = PBXProject;
			attributes = {
				ORGANIZATIONNAME = CrashCorp;
			};
			buildConfigurationList = 4AC153E313E8577A005A09B7 /* Build configuration list for PBXProject "SGObjCHTTP" */;
			compatibilityVersion = "Xcode 3.2";
			developmentRegion = English;
			hasScannedForEncodings = 0;
			knownRegions = (
				en,
				English,
			);
			mainGroup = 4AC153DE13E8577A005A09B7;
			productRefGroup = 4AC153EA13E8577A005A09B7 /* Products */;
			projectDirPath = "";
			projectRoot = "";
			targets = (
				4AC153E813E8577A005A09B7 /* SGObjCHTTP */,
			);
		};
/* End PBXProject section */

/* Begin PBXSourcesBuildPhase section */
		4AC153E513E8577A005A09B7 /* Sources */ = {
			isa = PBXSourcesBuildPhase;
			buildActionMask = 2147483647;
			files = (
				4AC155CB13E858DC005A09B7 /* SGHTTPClient.m in Sources */,
				4AFD5D3E1405870B007B61EF /* SGCallback.m in Sources */,
				4AFD5DC814059279007B61EF /* SGASIDataCompressor.m in Sources */,
				4AFD5DCA14059279007B61EF /* SGASIDataDecompressor.m in Sources */,
				4AFD5DCC14059279007B61EF /* SGASIDownloadCache.m in Sources */,
				4AFD5DCE14059279007B61EF /* SGASIFormDataRequest.m in Sources */,
				4AFD5DD014059279007B61EF /* SGASIHTTPRequest.m in Sources */,
				4AFD5DD414059279007B61EF /* SGASIInputStream.m in Sources */,
				4AFD5DD614059279007B61EF /* SGASINetworkQueue.m in Sources */,
				4AFD5DD914059279007B61EF /* SGReachability.m in Sources */,
				4AFD5DDB14059279007B61EF /* SGASIFormDataRequest+OAuth.m in Sources */,
				4AFD5DDD14059279007B61EF /* SGASIHTTPRequest+OAuth.m in Sources */,
				4AFD5DDF14059279007B61EF /* SGNSData+Base64.m in Sources */,
				4AFD5DE114059279007B61EF /* SGNSString+URLEncode.m in Sources */,
				4AFD5DE314059279007B61EF /* SGJSONKit.m in Sources */,
			);
			runOnlyForDeploymentPostprocessing = 0;
		};
/* End PBXSourcesBuildPhase section */

/* Begin XCBuildConfiguration section */
		4AC153F113E8577A005A09B7 /* Debug */ = {
			isa = XCBuildConfiguration;
			buildSettings = {
				ARCHS = "$(ARCHS_STANDARD_32_BIT)";
				GCC_C_LANGUAGE_STANDARD = gnu99;
				GCC_OPTIMIZATION_LEVEL = 0;
				GCC_PREPROCESSOR_DEFINITIONS = DEBUG;
				GCC_SYMBOLS_PRIVATE_EXTERN = NO;
				GCC_VERSION = com.apple.compilers.llvmgcc42;
				GCC_WARN_ABOUT_RETURN_TYPE = YES;
				GCC_WARN_UNUSED_VARIABLE = YES;
				IPHONEOS_DEPLOYMENT_TARGET = 4.3;
				SDKROOT = iphoneos;
			};
			name = Debug;
		};
		4AC153F213E8577A005A09B7 /* Release */ = {
			isa = XCBuildConfiguration;
			buildSettings = {
				ARCHS = "$(ARCHS_STANDARD_32_BIT)";
				GCC_C_LANGUAGE_STANDARD = gnu99;
				GCC_VERSION = com.apple.compilers.llvmgcc42;
				GCC_WARN_ABOUT_RETURN_TYPE = YES;
				GCC_WARN_UNUSED_VARIABLE = YES;
				IPHONEOS_DEPLOYMENT_TARGET = 4.3;
				SDKROOT = iphoneos;
			};
			name = Release;
		};
		4AC153F413E8577A005A09B7 /* Debug */ = {
			isa = XCBuildConfiguration;
			buildSettings = {
				ALWAYS_SEARCH_USER_PATHS = NO;
				DSTROOT = /tmp/SGObjCHTTP.dst;
				GCC_PRECOMPILE_PREFIX_HEADER = YES;
				GCC_PREFIX_HEADER = "SGObjCHTTP/Resources/SGObjCHTTP-Prefix.pch";
				OTHER_LDFLAGS = "-ObjC";
				PRODUCT_NAME = "$(TARGET_NAME)";
				SDKROOT = iphoneos;
			};
			name = Debug;
		};
		4AC153F513E8577A005A09B7 /* Release */ = {
			isa = XCBuildConfiguration;
			buildSettings = {
				ALWAYS_SEARCH_USER_PATHS = NO;
				DSTROOT = /tmp/SGObjCHTTP.dst;
				GCC_PRECOMPILE_PREFIX_HEADER = YES;
				GCC_PREFIX_HEADER = "SGObjCHTTP/Resources/SGObjCHTTP-Prefix.pch";
				OTHER_LDFLAGS = "-ObjC";
				PRODUCT_NAME = "$(TARGET_NAME)";
				SDKROOT = iphoneos;
			};
			name = Release;
		};
/* End XCBuildConfiguration section */

/* Begin XCConfigurationList section */
		4AC153E313E8577A005A09B7 /* Build configuration list for PBXProject "SGObjCHTTP" */ = {
			isa = XCConfigurationList;
			buildConfigurations = (
				4AC153F113E8577A005A09B7 /* Debug */,
				4AC153F213E8577A005A09B7 /* Release */,
			);
			defaultConfigurationIsVisible = 0;
			defaultConfigurationName = Release;
		};
		4AC153F313E8577A005A09B7 /* Build configuration list for PBXNativeTarget "SGObjCHTTP" */ = {
			isa = XCConfigurationList;
			buildConfigurations = (
				4AC153F413E8577A005A09B7 /* Debug */,
				4AC153F513E8577A005A09B7 /* Release */,
			);
			defaultConfigurationIsVisible = 0;
			defaultConfigurationName = Release;
		};
/* End XCConfigurationList section */
	};
	rootObject = 4AC153E013E8577A005A09B7 /* Project object */;
}
